{
  "version": 4,
  "terraform_version": "1.1.7",
  "serial": 1,
  "lineage": "567f4502-d1e6-d044-0d87-bd560c7d0099",
  "outputs": {},
  "resources": [
    {
      "mode": "data",
      "type": "aws_eks_cluster",
      "name": "cluster",
      "provider": "provider[\"registry.terraform.io/hashicorp/aws\"]",
      "instances": [
        {
          "schema_version": 0,
          "attributes": {
            "arn": "arn:aws:eks:us-east-1:319876539559:cluster/education-eks-4WF4L8qK",
            "certificate_authority": [
              {
                "data": "LS0tLS1CRUdJTiBDRVJUSUZJQ0FURS0tLS0tCk1JSUM1ekNDQWMrZ0F3SUJBZ0lCQURBTkJna3Foa2lHOXcwQkFRc0ZBREFWTVJNd0VRWURWUVFERXdwcmRXSmwKY201bGRHVnpNQjRYRFRJeU1ETXhOVEF3TkRjeE4xb1hEVE15TURNeE1qQXdORGN4TjFvd0ZURVRNQkVHQTFVRQpBeE1LYTNWaVpYSnVaWFJsY3pDQ0FTSXdEUVlKS29aSWh2Y05BUUVCQlFBRGdnRVBBRENDQVFvQ2dnRUJBUFI2CjhuN0c0N1JwMFUwOHNZaktMZ3lycm9LaFlrOCtHdUVmRE83cGw1NVZRRStMVXNOTDZ6akZDSzMyNys2bjJzRDQKWHd1akVxMC9sOEdBNDZuaWR6N1AyNWIycnVSREZHTmRYUjRhQmF6QWd3Q2pML1U5SzQxVW5jeWcxQ3ZiUEJhVAo3S3luam5ZOHNOaTN0clZoVGZlUENvaG9XY1dTTm02RkcvOU80WGVyeHBsYkFJVkpKQ2VVMVpJN0lvQnpVeVFkCnZPNGR3cUhadTFuVEh2RmV1TXdQckxsM2tXVHhhaWNabm1hektIdEtpZmY3d2RzMnlJUXA3aXVqRmdPMldWaVEKbis5UEhtNVF2T1p4cW1XQVN2Z3NuSDFRU3l0YzJyL1BXUVNVQXlmT2tKREhXZXJ4eVhRNHpSMk9pTFBIZ01uaQpXL2Z0RTM2RjI5bWZGMGxFbEcwQ0F3RUFBYU5DTUVBd0RnWURWUjBQQVFIL0JBUURBZ0trTUE4R0ExVWRFd0VCCi93UUZNQU1CQWY4d0hRWURWUjBPQkJZRUZMUDlUc002ZWF6ODk0OFlLRTVlSStpZzN3ZHVNQTBHQ1NxR1NJYjMKRFFFQkN3VUFBNElCQVFDNnVhM0xhaThoaHVGd0NyREEvcWFSV201dkhWVkY5eFFRNmlFdnJ5a2FZTXUyODRzZgpJOWdwVklPeGlkZ1VtK1FleGtWSG1Wc0NzZUYzbFFwaWsreThvMURPVTB4cFV6THp1TTZxcjNNNkJtOGswbUlJCndBdHhZampzNUhqRnNQMm1KUmJVNEY1ZUhLc2loV3lSTUtaQlJUa1RFQnhENFJGN0VMamRMdk5SM0VPYUF4WDYKSUppVXNzcS9xclNQL0c3dFB4VkROVnAzV29NN3NteGkyUjN0cXRxZVBzTDZTM09zVWFoeVhOcldMcWxqcTZ3LwpzK25QSlBXOE8vMDYweC9iczVqK2xtQ1ozL3JVZE1ZUkRyRDkrekxWMHZZTllFbnlneWJMbnJlblZjRHNNYXR3CjU4Rng5c3J3eExkbEJHQ1JhSWZhbmRyMFg5Y3lZZytrZHpzNAotLS0tLUVORCBDRVJUSUZJQ0FURS0tLS0tCg=="
              }
            ],
            "created_at": "2022-03-15 00:40:49.603 +0000 UTC",
            "enabled_cluster_log_types": [],
            "endpoint": "https://1D6CC0AB9B0AB782B4FF641729798379.gr7.us-east-1.eks.amazonaws.com",
            "id": "education-eks-4WF4L8qK",
            "identity": [
              {
                "oidc": [
                  {
                    "issuer": "https://oidc.eks.us-east-1.amazonaws.com/id/1D6CC0AB9B0AB782B4FF641729798379"
                  }
                ]
              }
            ],
            "kubernetes_network_config": [
              {
                "ip_family": "ipv4",
                "service_ipv4_cidr": "172.20.0.0/16"
              }
            ],
            "name": "education-eks-4WF4L8qK",
            "platform_version": "eks.4",
            "role_arn": "arn:aws:iam::319876539559:role/education-eks-4WF4L8qK20220315004031609500000003",
            "status": "ACTIVE",
            "tags": {
              "Environment": "training",
              "GithubOrg": "terraform-aws-modules",
              "GithubRepo": "terraform-aws-eks"
            },
            "version": "1.20",
            "vpc_config": [
              {
                "cluster_security_group_id": "sg-03fcb9e223b36c588",
                "endpoint_private_access": false,
                "endpoint_public_access": true,
                "public_access_cidrs": [
                  "0.0.0.0/0"
                ],
                "security_group_ids": [
                  "sg-02678376a75b9a3a0"
                ],
                "subnet_ids": [
                  "subnet-00dea8fa7067d72d5",
                  "subnet-0589cd3774e2ee24e",
                  "subnet-09fe48b87a86eaa45"
                ],
                "vpc_id": "vpc-018c73c392a4f72e1"
              }
            ]
          },
          "sensitive_attributes": []
        }
      ]
    },
    {
      "mode": "data",
      "type": "terraform_remote_state",
      "name": "eks",
      "provider": "provider[\"terraform.io/builtin/terraform\"]",
      "instances": [
        {
          "schema_version": 0,
          "attributes": {
            "backend": "local",
            "config": {
              "value": {
                "path": "../terraform.tfstate"
              },
              "type": [
                "object",
                {
                  "path": "string"
                }
              ]
            },
            "defaults": null,
            "outputs": {
              "value": {
                "cluster_endpoint": "https://1D6CC0AB9B0AB782B4FF641729798379.gr7.us-east-1.eks.amazonaws.com",
                "cluster_id": "education-eks-4WF4L8qK",
                "cluster_name": "education-eks-4WF4L8qK",
                "cluster_security_group_id": "sg-02678376a75b9a3a0",
                "config_map_aws_auth": [
                  {
                    "binary_data": null,
                    "data": {
                      "mapAccounts": "[]\n",
                      "mapRoles": "- \"groups\":\n  - \"system:bootstrappers\"\n  - \"system:nodes\"\n  \"rolearn\": \"arn:aws:iam::319876539559:role/education-eks-4WF4L8qK2022031500504129530000000e\"\n  \"username\": \"system:node:{{EC2PrivateDNSName}}\"\n",
                      "mapUsers": "[]\n"
                    },
                    "id": "kube-system/aws-auth",
                    "metadata": [
                      {
                        "annotations": null,
                        "generate_name": "",
                        "generation": 0,
                        "labels": {
                          "app.kubernetes.io/managed-by": "Terraform",
                          "terraform.io/module": "terraform-aws-modules.eks.aws"
                        },
                        "name": "aws-auth",
                        "namespace": "kube-system",
                        "resource_version": "807",
                        "uid": "62852602-0fab-4bab-a433-69d25f7ceaa8"
                      }
                    ]
                  }
                ],
                "kubectl_config": "apiVersion: v1\npreferences: {}\nkind: Config\n\nclusters:\n- cluster:\n    server: https://1D6CC0AB9B0AB782B4FF641729798379.gr7.us-east-1.eks.amazonaws.com\n    certificate-authority-data: LS0tLS1CRUdJTiBDRVJUSUZJQ0FURS0tLS0tCk1JSUM1ekNDQWMrZ0F3SUJBZ0lCQURBTkJna3Foa2lHOXcwQkFRc0ZBREFWTVJNd0VRWURWUVFERXdwcmRXSmwKY201bGRHVnpNQjRYRFRJeU1ETXhOVEF3TkRjeE4xb1hEVE15TURNeE1qQXdORGN4TjFvd0ZURVRNQkVHQTFVRQpBeE1LYTNWaVpYSnVaWFJsY3pDQ0FTSXdEUVlKS29aSWh2Y05BUUVCQlFBRGdnRVBBRENDQVFvQ2dnRUJBUFI2CjhuN0c0N1JwMFUwOHNZaktMZ3lycm9LaFlrOCtHdUVmRE83cGw1NVZRRStMVXNOTDZ6akZDSzMyNys2bjJzRDQKWHd1akVxMC9sOEdBNDZuaWR6N1AyNWIycnVSREZHTmRYUjRhQmF6QWd3Q2pML1U5SzQxVW5jeWcxQ3ZiUEJhVAo3S3luam5ZOHNOaTN0clZoVGZlUENvaG9XY1dTTm02RkcvOU80WGVyeHBsYkFJVkpKQ2VVMVpJN0lvQnpVeVFkCnZPNGR3cUhadTFuVEh2RmV1TXdQckxsM2tXVHhhaWNabm1hektIdEtpZmY3d2RzMnlJUXA3aXVqRmdPMldWaVEKbis5UEhtNVF2T1p4cW1XQVN2Z3NuSDFRU3l0YzJyL1BXUVNVQXlmT2tKREhXZXJ4eVhRNHpSMk9pTFBIZ01uaQpXL2Z0RTM2RjI5bWZGMGxFbEcwQ0F3RUFBYU5DTUVBd0RnWURWUjBQQVFIL0JBUURBZ0trTUE4R0ExVWRFd0VCCi93UUZNQU1CQWY4d0hRWURWUjBPQkJZRUZMUDlUc002ZWF6ODk0OFlLRTVlSStpZzN3ZHVNQTBHQ1NxR1NJYjMKRFFFQkN3VUFBNElCQVFDNnVhM0xhaThoaHVGd0NyREEvcWFSV201dkhWVkY5eFFRNmlFdnJ5a2FZTXUyODRzZgpJOWdwVklPeGlkZ1VtK1FleGtWSG1Wc0NzZUYzbFFwaWsreThvMURPVTB4cFV6THp1TTZxcjNNNkJtOGswbUlJCndBdHhZampzNUhqRnNQMm1KUmJVNEY1ZUhLc2loV3lSTUtaQlJUa1RFQnhENFJGN0VMamRMdk5SM0VPYUF4WDYKSUppVXNzcS9xclNQL0c3dFB4VkROVnAzV29NN3NteGkyUjN0cXRxZVBzTDZTM09zVWFoeVhOcldMcWxqcTZ3LwpzK25QSlBXOE8vMDYweC9iczVqK2xtQ1ozL3JVZE1ZUkRyRDkrekxWMHZZTllFbnlneWJMbnJlblZjRHNNYXR3CjU4Rng5c3J3eExkbEJHQ1JhSWZhbmRyMFg5Y3lZZytrZHpzNAotLS0tLUVORCBDRVJUSUZJQ0FURS0tLS0tCg==\n  name: eks_education-eks-4WF4L8qK\n\ncontexts:\n- context:\n    cluster: eks_education-eks-4WF4L8qK\n    user: eks_education-eks-4WF4L8qK\n  name: eks_education-eks-4WF4L8qK\n\ncurrent-context: eks_education-eks-4WF4L8qK\n\nusers:\n- name: eks_education-eks-4WF4L8qK\n  user:\n    exec:\n      apiVersion: client.authentication.k8s.io/v1alpha1\n      command: aws-iam-authenticator\n      args:\n        - \"token\"\n        - \"-i\"\n        - \"education-eks-4WF4L8qK\"\n",
                "region": "us-east-1"
              },
              "type": [
                "object",
                {
                  "cluster_endpoint": "string",
                  "cluster_id": "string",
                  "cluster_name": "string",
                  "cluster_security_group_id": "string",
                  "config_map_aws_auth": [
                    "tuple",
                    [
                      [
                        "object",
                        {
                          "binary_data": [
                            "map",
                            "string"
                          ],
                          "data": [
                            "map",
                            "string"
                          ],
                          "id": "string",
                          "metadata": [
                            "list",
                            [
                              "object",
                              {
                                "annotations": [
                                  "map",
                                  "string"
                                ],
                                "generate_name": "string",
                                "generation": "number",
                                "labels": [
                                  "map",
                                  "string"
                                ],
                                "name": "string",
                                "namespace": "string",
                                "resource_version": "string",
                                "uid": "string"
                              }
                            ]
                          ]
                        }
                      ]
                    ]
                  ],
                  "kubectl_config": "string",
                  "region": "string"
                }
              ]
            },
            "workspace": null
          },
          "sensitive_attributes": []
        }
      ]
    },
    {
      "mode": "managed",
      "type": "kubernetes_deployment",
      "name": "nginx",
      "provider": "provider[\"registry.terraform.io/hashicorp/kubernetes\"]",
      "instances": [
        {
          "schema_version": 1,
          "attributes": {
            "id": "default/scalable-nginx-example",
            "metadata": [
              {
                "annotations": null,
                "generate_name": "",
                "generation": 1,
                "labels": {
                  "App": "ScalableNginxExample"
                },
                "name": "scalable-nginx-example",
                "namespace": "default",
                "resource_version": "18757",
                "uid": "e4ad6ea9-766f-47f2-bc96-6d610382f9d1"
              }
            ],
            "spec": [
              {
                "min_ready_seconds": 0,
                "paused": false,
                "progress_deadline_seconds": 600,
                "replicas": "2",
                "revision_history_limit": 10,
                "selector": [
                  {
                    "match_expressions": [],
                    "match_labels": {
                      "App": "ScalableNginxExample"
                    }
                  }
                ],
                "strategy": [
                  {
                    "rolling_update": [
                      {
                        "max_surge": "25%",
                        "max_unavailable": "25%"
                      }
                    ],
                    "type": "RollingUpdate"
                  }
                ],
                "template": [
                  {
                    "metadata": [
                      {
                        "annotations": null,
                        "generate_name": "",
                        "generation": 0,
                        "labels": {
                          "App": "ScalableNginxExample"
                        },
                        "name": "",
                        "namespace": "",
                        "resource_version": "",
                        "uid": ""
                      }
                    ],
                    "spec": [
                      {
                        "active_deadline_seconds": 0,
                        "affinity": [],
                        "automount_service_account_token": true,
                        "container": [
                          {
                            "args": null,
                            "command": null,
                            "env": [],
                            "env_from": [],
                            "image": "nginx:1.7.8",
                            "image_pull_policy": "IfNotPresent",
                            "lifecycle": [],
                            "liveness_probe": [],
                            "name": "example",
                            "port": [
                              {
                                "container_port": 80,
                                "host_ip": "",
                                "host_port": 0,
                                "name": "",
                                "protocol": "TCP"
                              }
                            ],
                            "readiness_probe": [],
                            "resources": [
                              {
                                "limits": {
                                  "cpu": "500m",
                                  "memory": "512Mi"
                                },
                                "requests": {
                                  "cpu": "250m",
                                  "memory": "50Mi"
                                }
                              }
                            ],
                            "security_context": [],
                            "startup_probe": [],
                            "stdin": false,
                            "stdin_once": false,
                            "termination_message_path": "/dev/termination-log",
                            "termination_message_policy": "File",
                            "tty": false,
                            "volume_mount": [],
                            "working_dir": ""
                          }
                        ],
                        "dns_config": [],
                        "dns_policy": "ClusterFirst",
                        "enable_service_links": true,
                        "host_aliases": [],
                        "host_ipc": false,
                        "host_network": false,
                        "host_pid": false,
                        "hostname": "",
                        "image_pull_secrets": [],
                        "init_container": [],
                        "node_name": "",
                        "node_selector": null,
                        "priority_class_name": "",
                        "readiness_gate": [],
                        "restart_policy": "Always",
                        "security_context": [],
                        "service_account_name": "",
                        "share_process_namespace": false,
                        "subdomain": "",
                        "termination_grace_period_seconds": 30,
                        "toleration": [],
                        "topology_spread_constraint": [],
                        "volume": []
                      }
                    ]
                  }
                ]
              }
            ],
            "timeouts": null,
            "wait_for_rollout": true
          },
          "sensitive_attributes": [],
          "private": "eyJlMmJmYjczMC1lY2FhLTExZTYtOGY4OC0zNDM2M2JjN2M0YzAiOnsiY3JlYXRlIjo2MDAwMDAwMDAwMDAsImRlbGV0ZSI6NjAwMDAwMDAwMDAwLCJ1cGRhdGUiOjYwMDAwMDAwMDAwMH0sInNjaGVtYV92ZXJzaW9uIjoiMSJ9",
          "dependencies": [
            "data.aws_eks_cluster.cluster",
            "data.terraform_remote_state.eks"
          ]
        }
      ]
    }
  ]
}
